// !$*UTF8*$!
{
	archiveVersion = 1;
	classes = {
	};
	objectVersion = 56;
	objects = {

/* Begin PBXBuildFile section */
		039AB8B12963AFCC000CC73E /* AppDelegate.swift in Sources */ = {isa = PBXBuildFile; fileRef = 039AB8B02963AFCC000CC73E /* AppDelegate.swift */; };
		039AB8B32963AFCC000CC73E /* SceneDelegate.swift in Sources */ = {isa = PBXBuildFile; fileRef = 039AB8B22963AFCC000CC73E /* SceneDelegate.swift */; };
		039AB8B52963AFCC000CC73E /* ViewController.swift in Sources */ = {isa = PBXBuildFile; fileRef = 039AB8B42963AFCC000CC73E /* ViewController.swift */; };
		039AB8B82963AFCC000CC73E /* Main.storyboard in Resources */ = {isa = PBXBuildFile; fileRef = 039AB8B62963AFCC000CC73E /* Main.storyboard */; };
		039AB8BA2963AFD0000CC73E /* Assets.xcassets in Resources */ = {isa = PBXBuildFile; fileRef = 039AB8B92963AFD0000CC73E /* Assets.xcassets */; };
		039AB8BD2963AFD0000CC73E /* LaunchScreen.storyboard in Resources */ = {isa = PBXBuildFile; fileRef = 039AB8BB2963AFD0000CC73E /* LaunchScreen.storyboard */; };
		039AB8CB29644DAB000CC73E /* gato.mp3 in Resources */ = {isa = PBXBuildFile; fileRef = 039AB8C529644DAA000CC73E /* gato.mp3 */; };
		039AB8CC29644DAB000CC73E /* ovelha.mp3 in Resources */ = {isa = PBXBuildFile; fileRef = 039AB8C629644DAA000CC73E /* ovelha.mp3 */; };
		039AB8CD29644DAB000CC73E /* macaco.mp3 in Resources */ = {isa = PBXBuildFile; fileRef = 039AB8C729644DAB000CC73E /* macaco.mp3 */; };
		039AB8CE29644DAB000CC73E /* vaca.mp3 in Resources */ = {isa = PBXBuildFile; fileRef = 039AB8C829644DAB000CC73E /* vaca.mp3 */; };
		039AB8CF29644DAB000CC73E /* leao.mp3 in Resources */ = {isa = PBXBuildFile; fileRef = 039AB8C929644DAB000CC73E /* leao.mp3 */; };
		039AB8D029644DAB000CC73E /* cao.mp3 in Resources */ = {isa = PBXBuildFile; fileRef = 039AB8CA29644DAB000CC73E /* cao.mp3 */; };
/* End PBXBuildFile section */

/* Begin PBXFileReference section */
		039AB8AD2963AFCC000CC73E /* SomDosBichos.app */ = {isa = PBXFileReference; explicitFileType = wrapper.application; includeInIndex = 0; path = SomDosBichos.app; sourceTree = BUILT_PRODUCTS_DIR; };
		039AB8B02963AFCC000CC73E /* AppDelegate.swift */ = {isa = PBXFileReference; lastKnownFileType = sourcecode.swift; path = AppDelegate.swift; sourceTree = "<group>"; };
		039AB8B22963AFCC000CC73E /* SceneDelegate.swift */ = {isa = PBXFileReference; lastKnownFileType = sourcecode.swift; path = SceneDelegate.swift; sourceTree = "<group>"; };
		039AB8B42963AFCC000CC73E /* ViewController.swift */ = {isa = PBXFileReference; lastKnownFileType = sourcecode.swift; path = ViewController.swift; sourceTree = "<group>"; };
		039AB8B72963AFCC000CC73E /* Base */ = {isa = PBXFileReference; lastKnownFileType = file.storyboard; name = Base; path = Base.lproj/Main.storyboard; sourceTree = "<group>"; };
		039AB8B92963AFD0000CC73E /* Assets.xcassets */ = {isa = PBXFileReference; lastKnownFileType = folder.assetcatalog; path = Assets.xcassets; sourceTree = "<group>"; };
		039AB8BC2963AFD0000CC73E /* Base */ = {isa = PBXFileReference; lastKnownFileType = file.storyboard; name = Base; path = Base.lproj/LaunchScreen.storyboard; sourceTree = "<group>"; };
		039AB8BE2963AFD0000CC73E /* Info.plist */ = {isa = PBXFileReference; lastKnownFileType = text.plist.xml; path = Info.plist; sourceTree = "<group>"; };
		039AB8C529644DAA000CC73E /* gato.mp3 */ = {isa = PBXFileReference; lastKnownFileType = audio.mp3; path = gato.mp3; sourceTree = "<group>"; };
		039AB8C629644DAA000CC73E /* ovelha.mp3 */ = {isa = PBXFileReference; lastKnownFileType = audio.mp3; path = ovelha.mp3; sourceTree = "<group>"; };
		039AB8C729644DAB000CC73E /* macaco.mp3 */ = {isa = PBXFileReference; lastKnownFileType = audio.mp3; path = macaco.mp3; sourceTree = "<group>"; };
		039AB8C829644DAB000CC73E /* vaca.mp3 */ = {isa = PBXFileReference; lastKnownFileType = audio.mp3; path = vaca.mp3; sourceTree = "<group>"; };
		039AB8C929644DAB000CC73E /* leao.mp3 */ = {isa = PBXFileReference; lastKnownFileType = audio.mp3; path = leao.mp3; sourceTree = "<group>"; };
		039AB8CA29644DAB000CC73E /* cao.mp3 */ = {isa = PBXFileReference; lastKnownFileType = audio.mp3; path = cao.mp3; sourceTree = "<group>"; };
/* End PBXFileReference section */

/* Begin PBXFrameworksBuildPhase section */
		039AB8AA2963AFCC000CC73E /* Frameworks */ = {
			isa = PBXFrameworksBuildPhase;
			buildActionMask = 2147483647;
			files = (
			);
			runOnlyForDeploymentPostprocessing = 0;
		};
/* End PBXFrameworksBuildPhase section */

/* Begin PBXGroup section */
		039AB8A42963AFCB000CC73E = {
			isa = PBXGroup;
			children = (
				039AB8AF2963AFCC000CC73E /* SomDosBichos */,
				039AB8AE2963AFCC000CC73E /* Products */,
			);
			sourceTree = "<group>";
		};
		039AB8AE2963AFCC000CC73E /* Products */ = {
			isa = PBXGroup;
			children = (
				039AB8AD2963AFCC000CC73E /* SomDosBichos.app */,
			);
			name = Products;
			sourceTree = "<group>";
		};
		039AB8AF2963AFCC000CC73E /* SomDosBichos */ = {
			isa = PBXGroup;
			children = (
				039AB8C429644D76000CC73E /* sons */,
				039AB8B02963AFCC000CC73E /* AppDelegate.swift */,
				039AB8B22963AFCC000CC73E /* SceneDelegate.swift */,
				039AB8B42963AFCC000CC73E /* ViewController.swift */,
				039AB8B62963AFCC000CC73E /* Main.storyboard */,
				039AB8B92963AFD0000CC73E /* Assets.xcassets */,
				039AB8BB2963AFD0000CC73E /* LaunchScreen.storyboard */,
				039AB8BE2963AFD0000CC73E /* Info.plist */,
			);
			path = SomDosBichos;
			sourceTree = "<group>";
		};
		039AB8C429644D76000CC73E /* sons */ = {
			isa = PBXGroup;
			children = (
				039AB8CA29644DAB000CC73E /* cao.mp3 */,
				039AB8C529644DAA000CC73E /* gato.mp3 */,
				039AB8C929644DAB000CC73E /* leao.mp3 */,
				039AB8C729644DAB000CC73E /* macaco.mp3 */,
				039AB8C629644DAA000CC73E /* ovelha.mp3 */,
				039AB8C829644DAB000CC73E /* vaca.mp3 */,
			);
			path = sons;
			sourceTree = "<group>";
		};
/* End PBXGroup section */

/* Begin PBXNativeTarget section */
		039AB8AC2963AFCC000CC73E /* SomDosBichos */ = {
			isa = PBXNativeTarget;
			buildConfigurationList = 039AB8C12963AFD0000CC73E /* Build configuration list for PBXNativeTarget "SomDosBichos" */;
			buildPhases = (
				039AB8A92963AFCC000CC73E /* Sources */,
				039AB8AA2963AFCC000CC73E /* Frameworks */,
				039AB8AB2963AFCC000CC73E /* Resources */,
			);
			buildRules = (
			);
			dependencies = (
			);
			name = SomDosBichos;
			productName = SomDosBichos;
			productReference = 039AB8AD2963AFCC000CC73E /* SomDosBichos.app */;
			productType = "com.apple.product-type.application";
		};
/* End PBXNativeTarget section */

/* Begin PBXProject section */
		039AB8A52963AFCC000CC73E /* Project object */ = {
			isa = PBXProject;
			attributes = {
				BuildIndependentTargetsInParallel = 1;
				LastSwiftUpdateCheck = 1420;
				LastUpgradeCheck = 1420;
				TargetAttributes = {
					039AB8AC2963AFCC000CC73E = {
						CreatedOnToolsVersion = 14.2;
					};
				};
			};
			buildConfigurationList = 039AB8A82963AFCC000CC73E /* Build configuration list for PBXProject "SomDosBichos" */;
			compatibilityVersion = "Xcode 14.0";
			developmentRegion = en;
			hasScannedForEncodings = 0;
			knownRegions = (
				en,
				Base,
			);
			mainGroup = 039AB8A42963AFCB000CC73E;
			productRefGroup = 039AB8AE2963AFCC000CC73E /* Products */;
			projectDirPath = "";
			projectRoot = "";
			targets = (
				039AB8AC2963AFCC000CC73E /* SomDosBichos */,
			);
		};
/* End PBXProject section */

/* Begin PBXResourcesBuildPhase section */
		039AB8AB2963AFCC000CC73E /* Resources */ = {
			isa = PBXResourcesBuildPhase;
			buildActionMask = 2147483647;
			files = (
				039AB8BD2963AFD0000CC73E /* LaunchScreen.storyboard in Resources */,
				039AB8CB29644DAB000CC73E /* gato.mp3 in Resources */,
				039AB8CC29644DAB000CC73E /* ovelha.mp3 in Resources */,
				039AB8D029644DAB000CC73E /* cao.mp3 in Resources */,
				039AB8BA2963AFD0000CC73E /* Assets.xcassets in Resources */,
				039AB8CD29644DAB000CC73E /* macaco.mp3 in Resources */,
				039AB8B82963AFCC000CC73E /* Main.storyboard in Resources */,
				039AB8CE29644DAB000CC73E /* vaca.mp3 in Resources */,
				039AB8CF29644DAB000CC73E /* leao.mp3 in Resources */,
			);
			runOnlyForDeploymentPostprocessing = 0;
		};
/* End PBXResourcesBuildPhase section */

/* Begin PBXSourcesBuildPhase section */
		039AB8A92963AFCC000CC73E /* Sources */ = {
			isa = PBXSourcesBuildPhase;
			buildActionMask = 2147483647;
			files = (
				039AB8B52963AFCC000CC73E /* ViewController.swift in Sources */,
				039AB8B12963AFCC000CC73E /* AppDelegate.swift in Sources */,
				039AB8B32963AFCC000CC73E /* SceneDelegate.swift in Sources */,
			);
			runOnlyForDeploymentPostprocessing = 0;
		};
/* End PBXSourcesBuildPhase section */

/* Begin PBXVariantGroup section */
		039AB8B62963AFCC000CC73E /* Main.storyboard */ = {
			isa = PBXVariantGroup;
			children = (
				039AB8B72963AFCC000CC73E /* Base */,
			);
			name = Main.storyboard;
			sourceTree = "<group>";
		};
		039AB8BB2963AFD0000CC73E /* LaunchScreen.storyboard */ = {
			isa = PBXVariantGroup;
			children = (
				039AB8BC2963AFD0000CC73E /* Base */,
			);
			name = LaunchScreen.storyboard;
			sourceTree = "<group>";
		};
/* End PBXVariantGroup section */

/* Begin XCBuildConfiguration section */
		039AB8BF2963AFD0000CC73E /* Debug */ = {
			isa = XCBuildConfiguration;
			buildSettings = {
				ALWAYS_SEARCH_USER_PATHS = NO;
				CLANG_ANALYZER_NONNULL = YES;
				CLANG_ANALYZER_NUMBER_OBJECT_CONVERSION = YES_AGGRESSIVE;
				CLANG_CXX_LANGUAGE_STANDARD = "gnu++20";
				CLANG_ENABLE_MODULES = YES;
				CLANG_ENABLE_OBJC_ARC = YES;
				CLANG_ENABLE_OBJC_WEAK = YES;
				CLANG_WARN_BLOCK_CAPTURE_AUTORELEASING = YES;
				CLANG_WARN_BOOL_CONVERSION = YES;
				CLANG_WARN_COMMA = YES;
				CLANG_WARN_CONSTANT_CONVERSION = YES;
				CLANG_WARN_DEPRECATED_OBJC_IMPLEMENTATIONS = YES;
				CLANG_WARN_DIRECT_OBJC_ISA_USAGE = YES_ERROR;
				CLANG_WARN_DOCUMENTATION_COMMENTS = YES;
				CLANG_WARN_EMPTY_BODY = YES;
				CLANG_WARN_ENUM_CONVERSION = YES;
				CLANG_WARN_INFINITE_RECURSION = YES;
				CLANG_WARN_INT_CONVERSION = YES;
				CLANG_WARN_NON_LITERAL_NULL_CONVERSION = YES;
				CLANG_WARN_OBJC_IMPLICIT_RETAIN_SELF = YES;
				CLANG_WARN_OBJC_LITERAL_CONVERSION = YES;
				CLANG_WARN_OBJC_ROOT_CLASS = YES_ERROR;
				CLANG_WARN_QUOTED_INCLUDE_IN_FRAMEWORK_HEADER = YES;
				CLANG_WARN_RANGE_LOOP_ANALYSIS = YES;
				CLANG_WARN_STRICT_PROTOTYPES = YES;
				CLANG_WARN_SUSPICIOUS_MOVE = YES;
				CLANG_WARN_UNGUARDED_AVAILABILITY = YES_AGGRESSIVE;
				CLANG_WARN_UNREACHABLE_CODE = YES;
				CLANG_WARN__DUPLICATE_METHOD_MATCH = YES;
				COPY_PHASE_STRIP = NO;
				DEBUG_INFORMATION_FORMAT = dwarf;
				ENABLE_STRICT_OBJC_MSGSEND = YES;
				ENABLE_TESTABILITY = YES;
				GCC_C_LANGUAGE_STANDARD = gnu11;
				GCC_DYNAMIC_NO_PIC = NO;
				GCC_NO_COMMON_BLOCKS = YES;
				GCC_OPTIMIZATION_LEVEL = 0;
				GCC_PREPROCESSOR_DEFINITIONS = (
					"DEBUG=1",
					"$(inherited)",
				);
				GCC_WARN_64_TO_32_BIT_CONVERSION = YES;
				GCC_WARN_ABOUT_RETURN_TYPE = YES_ERROR;
				GCC_WARN_UNDECLARED_SELECTOR = YES;
				GCC_WARN_UNINITIALIZED_AUTOS = YES_AGGRESSIVE;
				GCC_WARN_UNUSED_FUNCTION = YES;
				GCC_WARN_UNUSED_VARIABLE = YES;
				IPHONEOS_DEPLOYMENT_TARGET = 16.2;
				MTL_ENABLE_DEBUG_INFO = INCLUDE_SOURCE;
				MTL_FAST_MATH = YES;
				ONLY_ACTIVE_ARCH = YES;
				SDKROOT = iphoneos;
				SWIFT_ACTIVE_COMPILATION_CONDITIONS = DEBUG;
				SWIFT_OPTIMIZATION_LEVEL = "-Onone";
			};
			name = Debug;
		};
		039AB8C02963AFD0000CC73E /* Release */ = {
			isa = XCBuildConfiguration;
			buildSettings = {
				ALWAYS_SEARCH_USER_PATHS = NO;
				CLANG_ANALYZER_NONNULL = YES;
				CLANG_ANALYZER_NUMBER_OBJECT_CONVERSION = YES_AGGRESSIVE;
				CLANG_CXX_LANGUAGE_STANDARD = "gnu++20";
				CLANG_ENABLE_MODULES = YES;
				CLANG_ENABLE_OBJC_ARC = YES;
				CLANG_ENABLE_OBJC_WEAK = YES;
				CLANG_WARN_BLOCK_CAPTURE_AUTORELEASING = YES;
				CLANG_WARN_BOOL_CONVERSION = YES;
				CLANG_WARN_COMMA = YES;
				CLANG_WARN_CONSTANT_CONVERSION = YES;
				CLANG_WARN_DEPRECATED_OBJC_IMPLEMENTATIONS = YES;
				CLANG_WARN_DIRECT_OBJC_ISA_USAGE = YES_ERROR;
				CLANG_WARN_DOCUMENTATION_COMMENTS = YES;
				CLANG_WARN_EMPTY_BODY = YES;
				CLANG_WARN_ENUM_CONVERSION = YES;
				CLANG_WARN_INFINITE_RECURSION = YES;
				CLANG_WARN_INT_CONVERSION = YES;
				CLANG_WARN_NON_LITERAL_NULL_CONVERSION = YES;
				CLANG_WARN_OBJC_IMPLICIT_RETAIN_SELF = YES;
				CLANG_WARN_OBJC_LITERAL_CONVERSION = YES;
				CLANG_WARN_OBJC_ROOT_CLASS = YES_ERROR;
				CLANG_WARN_QUOTED_INCLUDE_IN_FRAMEWORK_HEADER = YES;
				CLANG_WARN_RANGE_LOOP_ANALYSIS = YES;
				CLANG_WARN_STRICT_PROTOTYPES = YES;
				CLANG_WARN_SUSPICIOUS_MOVE = YES;
				CLANG_WARN_UNGUARDED_AVAILABILITY = YES_AGGRESSIVE;
				CLANG_WARN_UNREACHABLE_CODE = YES;
				CLANG_WARN__DUPLICATE_METHOD_MATCH = YES;
				COPY_PHASE_STRIP = NO;
				DEBUG_INFORMATION_FORMAT = "dwarf-with-dsym";
				ENABLE_NS_ASSERTIONS = NO;
				ENABLE_STRICT_OBJC_MSGSEND = YES;
				GCC_C_LANGUAGE_STANDARD = gnu11;
				GCC_NO_COMMON_BLOCKS = YES;
				GCC_WARN_64_TO_32_BIT_CONVERSION = YES;
				GCC_WARN_ABOUT_RETURN_TYPE = YES_ERROR;
				GCC_WARN_UNDECLARED_SELECTOR = YES;
				GCC_WARN_UNINITIALIZED_AUTOS = YES_AGGRESSIVE;
				GCC_WARN_UNUSED_FUNCTION = YES;
				GCC_WARN_UNUSED_VARIABLE = YES;
				IPHONEOS_DEPLOYMENT_TARGET = 16.2;
				MTL_ENABLE_DEBUG_INFO = NO;
				MTL_FAST_MATH = YES;
				SDKROOT = iphoneos;
				SWIFT_COMPILATION_MODE = wholemodule;
				SWIFT_OPTIMIZATION_LEVEL = "-O";
				VALIDATE_PRODUCT = YES;
			};
			name = Release;
		};
		039AB8C22963AFD0000CC73E /* Debug */ = {
			isa = XCBuildConfiguration;
			buildSettings = {
				ASSETCATALOG_COMPILER_APPICON_NAME = AppIcon;
				ASSETCATALOG_COMPILER_GLOBAL_ACCENT_COLOR_NAME = AccentColor;
				CODE_SIGN_STYLE = Automatic;
				CURRENT_PROJECT_VERSION = 1;
				DEVELOPMENT_TEAM = 5RLXTV3N4Q;
				GENERATE_INFOPLIST_FILE = YES;
				INFOPLIST_FILE = SomDosBichos/Info.plist;
				INFOPLIST_KEY_UIApplicationSupportsIndirectInputEvents = YES;
				INFOPLIST_KEY_UILaunchStoryboardName = LaunchScreen;
				INFOPLIST_KEY_UIMainStoryboardFile = Main;
				INFOPLIST_KEY_UISupportedInterfaceOrientations_iPad = "UIInterfaceOrientationPortrait UIInterfaceOrientationPortraitUpsideDown UIInterfaceOrientationLandscapeLeft UIInterfaceOrientationLandscapeRight";
				INFOPLIST_KEY_UISupportedInterfaceOrientations_iPhone = "UIInterfaceOrientationPortrait UIInterfaceOrientationLandscapeLeft UIInterfaceOrientationLandscapeRight";
				LD_RUNPATH_SEARCH_PATHS = (
					"$(inherited)",
					"@executable_path/Frameworks",
				);
				MARKETING_VERSION = 1.0;
				PRODUCT_BUNDLE_IDENTIFIER = com.inoova.SomDosBichos;
				PRODUCT_NAME = "$(TARGET_NAME)";
				SWIFT_EMIT_LOC_STRINGS = YES;
				SWIFT_VERSION = 5.0;
				TARGETED_DEVICE_FAMILY = "1,2";
			};
			name = Debug;
		};
		039AB8C32963AFD0000CC73E /* Release */ = {
			isa = XCBuildConfiguration;
			buildSettings = {
				ASSETCATALOG_COMPILER_APPICON_NAME = AppIcon;
				ASSETCATALOG_COMPILER_GLOBAL_ACCENT_COLOR_NAME = AccentColor;
				CODE_SIGN_STYLE = Automatic;
				CURRENT_PROJECT_VERSION = 1;
				DEVELOPMENT_TEAM = 5RLXTV3N4Q;
				GENERATE_INFOPLIST_FILE = YES;
				INFOPLIST_FILE = SomDosBichos/Info.plist;
				INFOPLIST_KEY_UIApplicationSupportsIndirectInputEvents = YES;
				INFOPLIST_KEY_UILaunchStoryboardName = LaunchScreen;
				INFOPLIST_KEY_UIMainStoryboardFile = Main;
				INFOPLIST_KEY_UISupportedInterfaceOrientations_iPad = "UIInterfaceOrientationPortrait UIInterfaceOrientationPortraitUpsideDown UIInterfaceOrientationLandscapeLeft UIInterfaceOrientationLandscapeRight";
				INFOPLIST_KEY_UISupportedInterfaceOrientations_iPhone = "UIInterfaceOrientationPortrait UIInterfaceOrientationLandscapeLeft UIInterfaceOrientationLandscapeRight";
				LD_RUNPATH_SEARCH_PATHS = (
					"$(inherited)",
					"@executable_path/Frameworks",
				);
				MARKETING_VERSION = 1.0;
				PRODUCT_BUNDLE_IDENTIFIER = com.inoova.SomDosBichos;
				PRODUCT_NAME = "$(TARGET_NAME)";
				SWIFT_EMIT_LOC_STRINGS = YES;
				SWIFT_VERSION = 5.0;
				TARGETED_DEVICE_FAMILY = "1,2";
			};
			name = Release;
		};
/* End XCBuildConfiguration section */

/* Begin XCConfigurationList section */
		039AB8A82963AFCC000CC73E /* Build configuration list for PBXProject "SomDosBichos" */ = {
			isa = XCConfigurationList;
			buildConfigurations = (
				039AB8BF2963AFD0000CC73E /* Debug */,
				039AB8C02963AFD0000CC73E /* Release */,
			);
			defaultConfigurationIsVisible = 0;
			defaultConfigurationName = Release;
		};
		039AB8C12963AFD0000CC73E /* Build configuration list for PBXNativeTarget "SomDosBichos" */ = {
			isa = XCConfigurationList;
			buildConfigurations = (
				039AB8C22963AFD0000CC73E /* Debug */,
				039AB8C32963AFD0000CC73E /* Release */,
			);
			defaultConfigurationIsVisible = 0;
			defaultConfigurationName = Release;
		};
/* End XCConfigurationList section */
	};
	rootObject = 039AB8A52963AFCC000CC73E /* Project object */;
}
